
Microsoft Visual Studio Solution File, Format Version 12.00
# Visual Studio Version 17
VisualStudioVersion = 17.0.31903.59
MinimumVisualStudioVersion = 10.0.40219.1
Project("{2150E333-8FDC-42A3-9474-1A3956D46DE8}") = "src", "src", "{827E0CD3-B72D-47B6-A68D-7590B98EB39B}"
EndProject
Project("{FAE04EC0-301F-11D3-BF4B-00C04F79EFBC}") = "OrderProcessing.Api", "src\OrderProcessing.Api\OrderProcessing.Api.csproj", "{EABB9B47-EE1A-461A-A86D-BFDFAA672A6B}"
EndProject
Project("{FAE04EC0-301F-11D3-BF4B-00C04F79EFBC}") = "OrderProcessing.Application", "src\OrderProcessing.Application\OrderProcessing.Application.csproj", "{EC1AAA1C-26A6-4EB3-8DE4-9216886C66CF}"
EndProject
Project("{FAE04EC0-301F-11D3-BF4B-00C04F79EFBC}") = "OrderProcessing.Domain", "src\OrderProcessing.Domain\OrderProcessing.Domain.csproj", "{85978B33-7873-40BE-B99D-B2CA8DF0ECAC}"
EndProject
Project("{FAE04EC0-301F-11D3-BF4B-00C04F79EFBC}") = "OrderProcessing.Infrastructure", "src\OrderProcessing.Infrastructure\OrderProcessing.Infrastructure.csproj", "{2A72C978-CE21-4D33-A031-0755BC1EACAD}"
EndProject
Project("{2150E333-8FDC-42A3-9474-1A3956D46DE8}") = "tests", "tests", "{0AB3BF05-4346-4AA6-1389-037BE0695223}"
EndProject
Project("{FAE04EC0-301F-11D3-BF4B-00C04F79EFBC}") = "OrderProcessing.Api.Tests", "tests\OrderProcessing.Api.Tests\OrderProcessing.Api.Tests.csproj", "{9FA4E77B-D2EE-4742-96AF-5D4CE7D2D3A8}"
EndProject
Project("{FAE04EC0-301F-11D3-BF4B-00C04F79EFBC}") = "OrderProcessing.Application.Tests", "tests\OrderProcessing.Application.Tests\OrderProcessing.Application.Tests.csproj", "{B13A921D-E6C2-4935-BF0E-DE125028620E}"
EndProject
Project("{FAE04EC0-301F-11D3-BF4B-00C04F79EFBC}") = "OrderProcessing.ArchitectureTests", "tests\OrderProcessing.ArchitectureTests\OrderProcessing.ArchitectureTests.csproj", "{180E6BEA-6838-4A96-A6EB-A3C4667EFC82}"
EndProject
Project("{FAE04EC0-301F-11D3-BF4B-00C04F79EFBC}") = "OrderProcessing.Domain.Tests", "tests\OrderProcessing.Domain.Tests\OrderProcessing.Domain.Tests.csproj", "{75C81162-7DA0-48B1-A8D2-C1CEB6CF49EB}"
EndProject
Project("{FAE04EC0-301F-11D3-BF4B-00C04F79EFBC}") = "OrderProcessing.Infrastructure.Tests", "tests\OrderProcessing.Infrastructure.Tests\OrderProcessing.Infrastructure.Tests.csproj", "{5C059DAC-55EB-45CB-B1EB-DF9F95B5E54A}"
EndProject
Global
	GlobalSection(SolutionConfigurationPlatforms) = preSolution
		Debug|Any CPU = Debug|Any CPU
		Debug|x64 = Debug|x64
		Debug|x86 = Debug|x86
		Release|Any CPU = Release|Any CPU
		Release|x64 = Release|x64
		Release|x86 = Release|x86
	EndGlobalSection
	GlobalSection(ProjectConfigurationPlatforms) = postSolution
		{EABB9B47-EE1A-461A-A86D-BFDFAA672A6B}.Debug|Any CPU.ActiveCfg = Debug|Any CPU
		{EABB9B47-EE1A-461A-A86D-BFDFAA672A6B}.Debug|Any CPU.Build.0 = Debug|Any CPU
		{EABB9B47-EE1A-461A-A86D-BFDFAA672A6B}.Debug|x64.ActiveCfg = Debug|Any CPU
		{EABB9B47-EE1A-461A-A86D-BFDFAA672A6B}.Debug|x64.Build.0 = Debug|Any CPU
		{EABB9B47-EE1A-461A-A86D-BFDFAA672A6B}.Debug|x86.ActiveCfg = Debug|Any CPU
		{EABB9B47-EE1A-461A-A86D-BFDFAA672A6B}.Debug|x86.Build.0 = Debug|Any CPU
		{EABB9B47-EE1A-461A-A86D-BFDFAA672A6B}.Release|Any CPU.ActiveCfg = Release|Any CPU
		{EABB9B47-EE1A-461A-A86D-BFDFAA672A6B}.Release|Any CPU.Build.0 = Release|Any CPU
		{EABB9B47-EE1A-461A-A86D-BFDFAA672A6B}.Release|x64.ActiveCfg = Release|Any CPU
		{EABB9B47-EE1A-461A-A86D-BFDFAA672A6B}.Release|x64.Build.0 = Release|Any CPU
		{EABB9B47-EE1A-461A-A86D-BFDFAA672A6B}.Release|x86.ActiveCfg = Release|Any CPU
		{EABB9B47-EE1A-461A-A86D-BFDFAA672A6B}.Release|x86.Build.0 = Release|Any CPU
		{EC1AAA1C-26A6-4EB3-8DE4-9216886C66CF}.Debug|Any CPU.ActiveCfg = Debug|Any CPU
		{EC1AAA1C-26A6-4EB3-8DE4-9216886C66CF}.Debug|Any CPU.Build.0 = Debug|Any CPU
		{EC1AAA1C-26A6-4EB3-8DE4-9216886C66CF}.Debug|x64.ActiveCfg = Debug|Any CPU
		{EC1AAA1C-26A6-4EB3-8DE4-9216886C66CF}.Debug|x64.Build.0 = Debug|Any CPU
		{EC1AAA1C-26A6-4EB3-8DE4-9216886C66CF}.Debug|x86.ActiveCfg = Debug|Any CPU
		{EC1AAA1C-26A6-4EB3-8DE4-9216886C66CF}.Debug|x86.Build.0 = Debug|Any CPU
		{EC1AAA1C-26A6-4EB3-8DE4-9216886C66CF}.Release|Any CPU.ActiveCfg = Release|Any CPU
		{EC1AAA1C-26A6-4EB3-8DE4-9216886C66CF}.Release|Any CPU.Build.0 = Release|Any CPU
		{EC1AAA1C-26A6-4EB3-8DE4-9216886C66CF}.Release|x64.ActiveCfg = Release|Any CPU
		{EC1AAA1C-26A6-4EB3-8DE4-9216886C66CF}.Release|x64.Build.0 = Release|Any CPU
		{EC1AAA1C-26A6-4EB3-8DE4-9216886C66CF}.Release|x86.ActiveCfg = Release|Any CPU
		{EC1AAA1C-26A6-4EB3-8DE4-9216886C66CF}.Release|x86.Build.0 = Release|Any CPU
		{85978B33-7873-40BE-B99D-B2CA8DF0ECAC}.Debug|Any CPU.ActiveCfg = Debug|Any CPU
		{85978B33-7873-40BE-B99D-B2CA8DF0ECAC}.Debug|Any CPU.Build.0 = Debug|Any CPU
		{85978B33-7873-40BE-B99D-B2CA8DF0ECAC}.Debug|x64.ActiveCfg = Debug|Any CPU
		{85978B33-7873-40BE-B99D-B2CA8DF0ECAC}.Debug|x64.Build.0 = Debug|Any CPU
		{85978B33-7873-40BE-B99D-B2CA8DF0ECAC}.Debug|x86.ActiveCfg = Debug|Any CPU
		{85978B33-7873-40BE-B99D-B2CA8DF0ECAC}.Debug|x86.Build.0 = Debug|Any CPU
		{85978B33-7873-40BE-B99D-B2CA8DF0ECAC}.Release|Any CPU.ActiveCfg = Release|Any CPU
		{85978B33-7873-40BE-B99D-B2CA8DF0ECAC}.Release|Any CPU.Build.0 = Release|Any CPU
		{85978B33-7873-40BE-B99D-B2CA8DF0ECAC}.Release|x64.ActiveCfg = Release|Any CPU
		{85978B33-7873-40BE-B99D-B2CA8DF0ECAC}.Release|x64.Build.0 = Release|Any CPU
		{85978B33-7873-40BE-B99D-B2CA8DF0ECAC}.Release|x86.ActiveCfg = Release|Any CPU
		{85978B33-7873-40BE-B99D-B2CA8DF0ECAC}.Release|x86.Build.0 = Release|Any CPU
		{2A72C978-CE21-4D33-A031-0755BC1EACAD}.Debug|Any CPU.ActiveCfg = Debug|Any CPU
		{2A72C978-CE21-4D33-A031-0755BC1EACAD}.Debug|Any CPU.Build.0 = Debug|Any CPU
		{2A72C978-CE21-4D33-A031-0755BC1EACAD}.Debug|x64.ActiveCfg = Debug|Any CPU
		{2A72C978-CE21-4D33-A031-0755BC1EACAD}.Debug|x64.Build.0 = Debug|Any CPU
		{2A72C978-CE21-4D33-A031-0755BC1EACAD}.Debug|x86.ActiveCfg = Debug|Any CPU
		{2A72C978-CE21-4D33-A031-0755BC1EACAD}.Debug|x86.Build.0 = Debug|Any CPU
		{2A72C978-CE21-4D33-A031-0755BC1EACAD}.Release|Any CPU.ActiveCfg = Release|Any CPU
		{2A72C978-CE21-4D33-A031-0755BC1EACAD}.Release|Any CPU.Build.0 = Release|Any CPU
		{2A72C978-CE21-4D33-A031-0755BC1EACAD}.Release|x64.ActiveCfg = Release|Any CPU
		{2A72C978-CE21-4D33-A031-0755BC1EACAD}.Release|x64.Build.0 = Release|Any CPU
		{2A72C978-CE21-4D33-A031-0755BC1EACAD}.Release|x86.ActiveCfg = Release|Any CPU
		{2A72C978-CE21-4D33-A031-0755BC1EACAD}.Release|x86.Build.0 = Release|Any CPU
		{9FA4E77B-D2EE-4742-96AF-5D4CE7D2D3A8}.Debug|Any CPU.ActiveCfg = Debug|Any CPU
		{9FA4E77B-D2EE-4742-96AF-5D4CE7D2D3A8}.Debug|Any CPU.Build.0 = Debug|Any CPU
		{9FA4E77B-D2EE-4742-96AF-5D4CE7D2D3A8}.Debug|x64.ActiveCfg = Debug|Any CPU
		{9FA4E77B-D2EE-4742-96AF-5D4CE7D2D3A8}.Debug|x64.Build.0 = Debug|Any CPU
		{9FA4E77B-D2EE-4742-96AF-5D4CE7D2D3A8}.Debug|x86.ActiveCfg = Debug|Any CPU
		{9FA4E77B-D2EE-4742-96AF-5D4CE7D2D3A8}.Debug|x86.Build.0 = Debug|Any CPU
		{9FA4E77B-D2EE-4742-96AF-5D4CE7D2D3A8}.Release|Any CPU.ActiveCfg = Release|Any CPU
		{9FA4E77B-D2EE-4742-96AF-5D4CE7D2D3A8}.Release|Any CPU.Build.0 = Release|Any CPU
		{9FA4E77B-D2EE-4742-96AF-5D4CE7D2D3A8}.Release|x64.ActiveCfg = Release|Any CPU
		{9FA4E77B-D2EE-4742-96AF-5D4CE7D2D3A8}.Release|x64.Build.0 = Release|Any CPU
		{9FA4E77B-D2EE-4742-96AF-5D4CE7D2D3A8}.Release|x86.ActiveCfg = Release|Any CPU
		{9FA4E77B-D2EE-4742-96AF-5D4CE7D2D3A8}.Release|x86.Build.0 = Release|Any CPU
		{B13A921D-E6C2-4935-BF0E-DE125028620E}.Debug|Any CPU.ActiveCfg = Debug|Any CPU
		{B13A921D-E6C2-4935-BF0E-DE125028620E}.Debug|Any CPU.Build.0 = Debug|Any CPU
		{B13A921D-E6C2-4935-BF0E-DE125028620E}.Debug|x64.ActiveCfg = Debug|Any CPU
		{B13A921D-E6C2-4935-BF0E-DE125028620E}.Debug|x64.Build.0 = Debug|Any CPU
		{B13A921D-E6C2-4935-BF0E-DE125028620E}.Debug|x86.ActiveCfg = Debug|Any CPU
		{B13A921D-E6C2-4935-BF0E-DE125028620E}.Debug|x86.Build.0 = Debug|Any CPU
		{B13A921D-E6C2-4935-BF0E-DE125028620E}.Release|Any CPU.ActiveCfg = Release|Any CPU
		{B13A921D-E6C2-4935-BF0E-DE125028620E}.Release|Any CPU.Build.0 = Release|Any CPU
		{B13A921D-E6C2-4935-BF0E-DE125028620E}.Release|x64.ActiveCfg = Release|Any CPU
		{B13A921D-E6C2-4935-BF0E-DE125028620E}.Release|x64.Build.0 = Release|Any CPU
		{B13A921D-E6C2-4935-BF0E-DE125028620E}.Release|x86.ActiveCfg = Release|Any CPU
		{B13A921D-E6C2-4935-BF0E-DE125028620E}.Release|x86.Build.0 = Release|Any CPU
		{180E6BEA-6838-4A96-A6EB-A3C4667EFC82}.Debug|Any CPU.ActiveCfg = Debug|Any CPU
		{180E6BEA-6838-4A96-A6EB-A3C4667EFC82}.Debug|Any CPU.Build.0 = Debug|Any CPU
		{180E6BEA-6838-4A96-A6EB-A3C4667EFC82}.Debug|x64.ActiveCfg = Debug|Any CPU
		{180E6BEA-6838-4A96-A6EB-A3C4667EFC82}.Debug|x64.Build.0 = Debug|Any CPU
		{180E6BEA-6838-4A96-A6EB-A3C4667EFC82}.Debug|x86.ActiveCfg = Debug|Any CPU
		{180E6BEA-6838-4A96-A6EB-A3C4667EFC82}.Debug|x86.Build.0 = Debug|Any CPU
		{180E6BEA-6838-4A96-A6EB-A3C4667EFC82}.Release|Any CPU.ActiveCfg = Release|Any CPU
		{180E6BEA-6838-4A96-A6EB-A3C4667EFC82}.Release|Any CPU.Build.0 = Release|Any CPU
		{180E6BEA-6838-4A96-A6EB-A3C4667EFC82}.Release|x64.ActiveCfg = Release|Any CPU
		{180E6BEA-6838-4A96-A6EB-A3C4667EFC82}.Release|x64.Build.0 = Release|Any CPU
		{180E6BEA-6838-4A96-A6EB-A3C4667EFC82}.Release|x86.ActiveCfg = Release|Any CPU
		{180E6BEA-6838-4A96-A6EB-A3C4667EFC82}.Release|x86.Build.0 = Release|Any CPU
		{75C81162-7DA0-48B1-A8D2-C1CEB6CF49EB}.Debug|Any CPU.ActiveCfg = Debug|Any CPU
		{75C81162-7DA0-48B1-A8D2-C1CEB6CF49EB}.Debug|Any CPU.Build.0 = Debug|Any CPU
		{75C81162-7DA0-48B1-A8D2-C1CEB6CF49EB}.Debug|x64.ActiveCfg = Debug|Any CPU
		{75C81162-7DA0-48B1-A8D2-C1CEB6CF49EB}.Debug|x64.Build.0 = Debug|Any CPU
		{75C81162-7DA0-48B1-A8D2-C1CEB6CF49EB}.Debug|x86.ActiveCfg = Debug|Any CPU
		{75C81162-7DA0-48B1-A8D2-C1CEB6CF49EB}.Debug|x86.Build.0 = Debug|Any CPU
		{75C81162-7DA0-48B1-A8D2-C1CEB6CF49EB}.Release|Any CPU.ActiveCfg = Release|Any CPU
		{75C81162-7DA0-48B1-A8D2-C1CEB6CF49EB}.Release|Any CPU.Build.0 = Release|Any CPU
		{75C81162-7DA0-48B1-A8D2-C1CEB6CF49EB}.Release|x64.ActiveCfg = Release|Any CPU
		{75C81162-7DA0-48B1-A8D2-C1CEB6CF49EB}.Release|x64.Build.0 = Release|Any CPU
		{75C81162-7DA0-48B1-A8D2-C1CEB6CF49EB}.Release|x86.ActiveCfg = Release|Any CPU
		{75C81162-7DA0-48B1-A8D2-C1CEB6CF49EB}.Release|x86.Build.0 = Release|Any CPU
		{5C059DAC-55EB-45CB-B1EB-DF9F95B5E54A}.Debug|Any CPU.ActiveCfg = Debug|Any CPU
		{5C059DAC-55EB-45CB-B1EB-DF9F95B5E54A}.Debug|Any CPU.Build.0 = Debug|Any CPU
		{5C059DAC-55EB-45CB-B1EB-DF9F95B5E54A}.Debug|x64.ActiveCfg = Debug|Any CPU
		{5C059DAC-55EB-45CB-B1EB-DF9F95B5E54A}.Debug|x64.Build.0 = Debug|Any CPU
		{5C059DAC-55EB-45CB-B1EB-DF9F95B5E54A}.Debug|x86.ActiveCfg = Debug|Any CPU
		{5C059DAC-55EB-45CB-B1EB-DF9F95B5E54A}.Debug|x86.Build.0 = Debug|Any CPU
		{5C059DAC-55EB-45CB-B1EB-DF9F95B5E54A}.Release|Any CPU.ActiveCfg = Release|Any CPU
		{5C059DAC-55EB-45CB-B1EB-DF9F95B5E54A}.Release|Any CPU.Build.0 = Release|Any CPU
		{5C059DAC-55EB-45CB-B1EB-DF9F95B5E54A}.Release|x64.ActiveCfg = Release|Any CPU
		{5C059DAC-55EB-45CB-B1EB-DF9F95B5E54A}.Release|x64.Build.0 = Release|Any CPU
		{5C059DAC-55EB-45CB-B1EB-DF9F95B5E54A}.Release|x86.ActiveCfg = Release|Any CPU
		{5C059DAC-55EB-45CB-B1EB-DF9F95B5E54A}.Release|x86.Build.0 = Release|Any CPU
	EndGlobalSection
	GlobalSection(SolutionProperties) = preSolution
		HideSolutionNode = FALSE
	EndGlobalSection
	GlobalSection(NestedProjects) = preSolution
		{EABB9B47-EE1A-461A-A86D-BFDFAA672A6B} = {827E0CD3-B72D-47B6-A68D-7590B98EB39B}
		{EC1AAA1C-26A6-4EB3-8DE4-9216886C66CF} = {827E0CD3-B72D-47B6-A68D-7590B98EB39B}
		{85978B33-7873-40BE-B99D-B2CA8DF0ECAC} = {827E0CD3-B72D-47B6-A68D-7590B98EB39B}
		{2A72C978-CE21-4D33-A031-0755BC1EACAD} = {827E0CD3-B72D-47B6-A68D-7590B98EB39B}
		{9FA4E77B-D2EE-4742-96AF-5D4CE7D2D3A8} = {0AB3BF05-4346-4AA6-1389-037BE0695223}
		{B13A921D-E6C2-4935-BF0E-DE125028620E} = {0AB3BF05-4346-4AA6-1389-037BE0695223}
		{180E6BEA-6838-4A96-A6EB-A3C4667EFC82} = {0AB3BF05-4346-4AA6-1389-037BE0695223}
		{75C81162-7DA0-48B1-A8D2-C1CEB6CF49EB} = {0AB3BF05-4346-4AA6-1389-037BE0695223}
		{5C059DAC-55EB-45CB-B1EB-DF9F95B5E54A} = {0AB3BF05-4346-4AA6-1389-037BE0695223}
	EndGlobalSection
EndGlobal
